// !$*UTF8*$!
{
	archiveVersion = 1;
	classes = {
	};
	objectVersion = 46;
	objects = {

/* Begin PBXBuildFile section */
		1776CFA51A9945910068B50E /* CoreLocation.framework in Frameworks */ = {isa = PBXBuildFile; fileRef = 1776CFA41A9945910068B50E /* CoreLocation.framework */; };
		17D0D8FF1A941E9D00D52995 /* AppDelegate.swift in Sources */ = {isa = PBXBuildFile; fileRef = 17D0D8FE1A941E9D00D52995 /* AppDelegate.swift */; };
		17D0D9011A941E9D00D52995 /* ViewController.swift in Sources */ = {isa = PBXBuildFile; fileRef = 17D0D9001A941E9D00D52995 /* ViewController.swift */; };
		17D0D9041A941E9D00D52995 /* Main.storyboard in Resources */ = {isa = PBXBuildFile; fileRef = 17D0D9021A941E9D00D52995 /* Main.storyboard */; };
		17D0D9061A941E9D00D52995 /* Images.xcassets in Resources */ = {isa = PBXBuildFile; fileRef = 17D0D9051A941E9D00D52995 /* Images.xcassets */; };
		17D0D9091A941E9D00D52995 /* LaunchScreen.xib in Resources */ = {isa = PBXBuildFile; fileRef = 17D0D9071A941E9D00D52995 /* LaunchScreen.xib */; };
		17D0D9151A941E9D00D52995 /* StormyTests.swift in Sources */ = {isa = PBXBuildFile; fileRef = 17D0D9141A941E9D00D52995 /* StormyTests.swift */; };
		17D0D91F1A94351A00D52995 /* Current.swift in Sources */ = {isa = PBXBuildFile; fileRef = 17D0D91E1A94351A00D52995 /* Current.swift */; };
/* End PBXBuildFile section */

/* Begin PBXContainerItemProxy section */
		17D0D90F1A941E9D00D52995 /* PBXContainerItemProxy */ = {
			isa = PBXContainerItemProxy;
			containerPortal = 17D0D8F11A941E9D00D52995 /* Project object */;
			proxyType = 1;
			remoteGlobalIDString = 17D0D8F81A941E9D00D52995;
			remoteInfo = Stormy;
		};
/* End PBXContainerItemProxy section */

/* Begin PBXFileReference section */
		1776CFA41A9945910068B50E /* CoreLocation.framework */ = {isa = PBXFileReference; lastKnownFileType = wrapper.framework; name = CoreLocation.framework; path = System/Library/Frameworks/CoreLocation.framework; sourceTree = SDKROOT; };
		17D0D8F91A941E9D00D52995 /* Stormy.app */ = {isa = PBXFileReference; explicitFileType = wrapper.application; includeInIndex = 0; path = Stormy.app; sourceTree = BUILT_PRODUCTS_DIR; };
		17D0D8FD1A941E9D00D52995 /* Info.plist */ = {isa = PBXFileReference; lastKnownFileType = text.plist.xml; path = Info.plist; sourceTree = "<group>"; };
		17D0D8FE1A941E9D00D52995 /* AppDelegate.swift */ = {isa = PBXFileReference; lastKnownFileType = sourcecode.swift; path = AppDelegate.swift; sourceTree = "<group>"; };
		17D0D9001A941E9D00D52995 /* ViewController.swift */ = {isa = PBXFileReference; lastKnownFileType = sourcecode.swift; path = ViewController.swift; sourceTree = "<group>"; };
		17D0D9031A941E9D00D52995 /* Base */ = {isa = PBXFileReference; lastKnownFileType = file.storyboard; name = Base; path = Base.lproj/Main.storyboard; sourceTree = "<group>"; };
		17D0D9051A941E9D00D52995 /* Images.xcassets */ = {isa = PBXFileReference; lastKnownFileType = folder.assetcatalog; path = Images.xcassets; sourceTree = "<group>"; };
		17D0D9081A941E9D00D52995 /* Base */ = {isa = PBXFileReference; lastKnownFileType = file.xib; name = Base; path = Base.lproj/LaunchScreen.xib; sourceTree = "<group>"; };
		17D0D90E1A941E9D00D52995 /* StormyTests.xctest */ = {isa = PBXFileReference; explicitFileType = wrapper.cfbundle; includeInIndex = 0; path = StormyTests.xctest; sourceTree = BUILT_PRODUCTS_DIR; };
		17D0D9131A941E9D00D52995 /* Info.plist */ = {isa = PBXFileReference; lastKnownFileType = text.plist.xml; path = Info.plist; sourceTree = "<group>"; };
		17D0D9141A941E9D00D52995 /* StormyTests.swift */ = {isa = PBXFileReference; lastKnownFileType = sourcecode.swift; path = StormyTests.swift; sourceTree = "<group>"; };
		17D0D91E1A94351A00D52995 /* Current.swift */ = {isa = PBXFileReference; fileEncoding = 4; lastKnownFileType = sourcecode.swift; name = Current.swift; path = ../Current.swift; sourceTree = "<group>"; };
/* End PBXFileReference section */

/* Begin PBXFrameworksBuildPhase section */
		17D0D8F61A941E9D00D52995 /* Frameworks */ = {
			isa = PBXFrameworksBuildPhase;
			buildActionMask = 2147483647;
			files = (
				1776CFA51A9945910068B50E /* CoreLocation.framework in Frameworks */,
			);
			runOnlyForDeploymentPostprocessing = 0;
		};
		17D0D90B1A941E9D00D52995 /* Frameworks */ = {
			isa = PBXFrameworksBuildPhase;
			buildActionMask = 2147483647;
			files = (
			);
			runOnlyForDeploymentPostprocessing = 0;
		};
/* End PBXFrameworksBuildPhase section */

/* Begin PBXGroup section */
		17D0D8F01A941E9D00D52995 = {
			isa = PBXGroup;
			children = (
				1776CFA41A9945910068B50E /* CoreLocation.framework */,
				17D0D8FB1A941E9D00D52995 /* Stormy */,
				17D0D9111A941E9D00D52995 /* StormyTests */,
				17D0D8FA1A941E9D00D52995 /* Products */,
			);
			sourceTree = "<group>";
		};
		17D0D8FA1A941E9D00D52995 /* Products */ = {
			isa = PBXGroup;
			children = (
				17D0D8F91A941E9D00D52995 /* Stormy.app */,
				17D0D90E1A941E9D00D52995 /* StormyTests.xctest */,
			);
			name = Products;
			sourceTree = "<group>";
		};
		17D0D8FB1A941E9D00D52995 /* Stormy */ = {
			isa = PBXGroup;
			children = (
				17D0D8FE1A941E9D00D52995 /* AppDelegate.swift */,
				17D0D9001A941E9D00D52995 /* ViewController.swift */,
				17D0D91E1A94351A00D52995 /* Current.swift */,
				17D0D9021A941E9D00D52995 /* Main.storyboard */,
				17D0D9051A941E9D00D52995 /* Images.xcassets */,
				17D0D9071A941E9D00D52995 /* LaunchScreen.xib */,
				17D0D8FC1A941E9D00D52995 /* Supporting Files */,
			);
			path = Stormy;
			sourceTree = "<group>";
		};
		17D0D8FC1A941E9D00D52995 /* Supporting Files */ = {
			isa = PBXGroup;
			children = (
				17D0D8FD1A941E9D00D52995 /* Info.plist */,
			);
			name = "Supporting Files";
			sourceTree = "<group>";
		};
		17D0D9111A941E9D00D52995 /* StormyTests */ = {
			isa = PBXGroup;
			children = (
				17D0D9141A941E9D00D52995 /* StormyTests.swift */,
				17D0D9121A941E9D00D52995 /* Supporting Files */,
			);
			path = StormyTests;
			sourceTree = "<group>";
		};
		17D0D9121A941E9D00D52995 /* Supporting Files */ = {
			isa = PBXGroup;
			children = (
				17D0D9131A941E9D00D52995 /* Info.plist */,
			);
			name = "Supporting Files";
			sourceTree = "<group>";
		};
/* End PBXGroup section */

/* Begin PBXNativeTarget section */
		17D0D8F81A941E9D00D52995 /* Stormy */ = {
			isa = PBXNativeTarget;
			buildConfigurationList = 17D0D9181A941E9D00D52995 /* Build configuration list for PBXNativeTarget "Stormy" */;
			buildPhases = (
				17D0D8F51A941E9D00D52995 /* Sources */,
				17D0D8F61A941E9D00D52995 /* Frameworks */,
				17D0D8F71A941E9D00D52995 /* Resources */,
			);
			buildRules = (
			);
			dependencies = (
			);
			name = Stormy;
			productName = Stormy;
			productReference = 17D0D8F91A941E9D00D52995 /* Stormy.app */;
			productType = "com.apple.product-type.application";
		};
		17D0D90D1A941E9D00D52995 /* StormyTests */ = {
			isa = PBXNativeTarget;
			buildConfigurationList = 17D0D91B1A941E9D00D52995 /* Build configuration list for PBXNativeTarget "StormyTests" */;
			buildPhases = (
				17D0D90A1A941E9D00D52995 /* Sources */,
				17D0D90B1A941E9D00D52995 /* Frameworks */,
				17D0D90C1A941E9D00D52995 /* Resources */,
			);
			buildRules = (
			);
			dependencies = (
				17D0D9101A941E9D00D52995 /* PBXTargetDependency */,
			);
			name = StormyTests;
			productName = StormyTests;
			productReference = 17D0D90E1A941E9D00D52995 /* StormyTests.xctest */;
			productType = "com.apple.product-type.bundle.unit-test";
		};
/* End PBXNativeTarget section */

/* Begin PBXProject section */
		17D0D8F11A941E9D00D52995 /* Project object */ = {
			isa = PBXProject;
			attributes = {
				LastUpgradeCheck = 0610;
				ORGANIZATIONNAME = "Kamesh Vedula";
				TargetAttributes = {
					17D0D8F81A941E9D00D52995 = {
						CreatedOnToolsVersion = 6.1.1;
						DevelopmentTeam = 2S3D8J8M3T;
					};
					17D0D90D1A941E9D00D52995 = {
						CreatedOnToolsVersion = 6.1.1;
						TestTargetID = 17D0D8F81A941E9D00D52995;
					};
				};
			};
			buildConfigurationList = 17D0D8F41A941E9D00D52995 /* Build configuration list for PBXProject "Stormy" */;
			compatibilityVersion = "Xcode 3.2";
			developmentRegion = English;
			hasScannedForEncodings = 0;
			knownRegions = (
				en,
				Base,
			);
			mainGroup = 17D0D8F01A941E9D00D52995;
			productRefGroup = 17D0D8FA1A941E9D00D52995 /* Products */;
			projectDirPath = "";
			projectRoot = "";
			targets = (
				17D0D8F81A941E9D00D52995 /* Stormy */,
				17D0D90D1A941E9D00D52995 /* StormyTests */,
			);
		};
/* End PBXProject section */

/* Begin PBXResourcesBuildPhase section */
		17D0D8F71A941E9D00D52995 /* Resources */ = {
			isa = PBXResourcesBuildPhase;
			buildActionMask = 2147483647;
			files = (
				17D0D9041A941E9D00D52995 /* Main.storyboard in Resources */,
				17D0D9091A941E9D00D52995 /* LaunchScreen.xib in Resources */,
				17D0D9061A941E9D00D52995 /* Images.xcassets in Resources */,
			);
			runOnlyForDeploymentPostprocessing = 0;
		};
		17D0D90C1A941E9D00D52995 /* Resources */ = {
			isa = PBXResourcesBuildPhase;
			buildActionMask = 2147483647;
			files = (
			);
			runOnlyForDeploymentPostprocessing = 0;
		};
/* End PBXResourcesBuildPhase section */

/* Begin PBXSourcesBuildPhase section */
		17D0D8F51A941E9D00D52995 /* Sources */ = {
			isa = PBXSourcesBuildPhase;
			buildActionMask = 2147483647;
			files = (
				17D0D91F1A94351A00D52995 /* Current.swift in Sources */,
				17D0D9011A941E9D00D52995 /* ViewController.swift in Sources */,
				17D0D8FF1A941E9D00D52995 /* AppDelegate.swift in Sources */,
			);
			runOnlyForDeploymentPostprocessing = 0;
		};
		17D0D90A1A941E9D00D52995 /* Sources */ = {
			isa = PBXSourcesBuildPhase;
			buildActionMask = 2147483647;
			files = (
				17D0D9151A941E9D00D52995 /* StormyTests.swift in Sources */,
			);
			runOnlyForDeploymentPostprocessing = 0;
		};
/* End PBXSourcesBuildPhase section */

/* Begin PBXTargetDependency section */
		17D0D9101A941E9D00D52995 /* PBXTargetDependency */ = {
			isa = PBXTargetDependency;
			target = 17D0D8F81A941E9D00D52995 /* Stormy */;
			targetProxy = 17D0D90F1A941E9D00D52995 /* PBXContainerItemProxy */;
		};
/* End PBXTargetDependency section */

/* Begin PBXVariantGroup section */
		17D0D9021A941E9D00D52995 /* Main.storyboard */ = {
			isa = PBXVariantGroup;
			children = (
				17D0D9031A941E9D00D52995 /* Base */,
			);
			name = Main.storyboard;
			sourceTree = "<group>";
		};
		17D0D9071A941E9D00D52995 /* LaunchScreen.xib */ = {
			isa = PBXVariantGroup;
			children = (
				17D0D9081A941E9D00D52995 /* Base */,
			);
			name = LaunchScreen.xib;
			sourceTree = "<group>";
		};
/* End PBXVariantGroup section */

/* Begin XCBuildConfiguration section */
		17D0D9161A941E9D00D52995 /* Debug */ = {
			isa = XCBuildConfiguration;
			buildSettings = {
				ALWAYS_SEARCH_USER_PATHS = NO;
				CLANG_CXX_LANGUAGE_STANDARD = "gnu++0x";
				CLANG_CXX_LIBRARY = "libc++";
				CLANG_ENABLE_MODULES = YES;
				CLANG_ENABLE_OBJC_ARC = YES;
				CLANG_WARN_BOOL_CONVERSION = YES;
				CLANG_WARN_CONSTANT_CONVERSION = YES;
				CLANG_WARN_DIRECT_OBJC_ISA_USAGE = YES_ERROR;
				CLANG_WARN_EMPTY_BODY = YES;
				CLANG_WARN_ENUM_CONVERSION = YES;
				CLANG_WARN_INT_CONVERSION = YES;
				CLANG_WARN_OBJC_ROOT_CLASS = YES_ERROR;
				CLANG_WARN_UNREACHABLE_CODE = YES;
				CLANG_WARN__DUPLICATE_METHOD_MATCH = YES;
				"CODE_SIGN_IDENTITY[sdk=iphoneos*]" = "iPhone Developer";
				COPY_PHASE_STRIP = NO;
				ENABLE_STRICT_OBJC_MSGSEND = YES;
				GCC_C_LANGUAGE_STANDARD = gnu99;
				GCC_DYNAMIC_NO_PIC = NO;
				GCC_OPTIMIZATION_LEVEL = 0;
				GCC_PREPROCESSOR_DEFINITIONS = (
					"DEBUG=1",
					"$(inherited)",
				);
				GCC_SYMBOLS_PRIVATE_EXTERN = NO;
				GCC_WARN_64_TO_32_BIT_CONVERSION = YES;
				GCC_WARN_ABOUT_RETURN_TYPE = YES_ERROR;
				GCC_WARN_UNDECLARED_SELECTOR = YES;
				GCC_WARN_UNINITIALIZED_AUTOS = YES_AGGRESSIVE;
				GCC_WARN_UNUSED_FUNCTION = YES;
				GCC_WARN_UNUSED_VARIABLE = YES;
				IPHONEOS_DEPLOYMENT_TARGET = 8.1;
				MTL_ENABLE_DEBUG_INFO = YES;
				ONLY_ACTIVE_ARCH = YES;
				SDKROOT = iphoneos;
				SWIFT_OPTIMIZATION_LEVEL = "-Onone";
			};
			name = Debug;
		};
		17D0D9171A941E9D00D52995 /* Release */ = {
			isa = XCBuildConfiguration;
			buildSettings = {
				ALWAYS_SEARCH_USER_PATHS = NO;
				CLANG_CXX_LANGUAGE_STANDARD = "gnu++0x";
				CLANG_CXX_LIBRARY = "libc++";
				CLANG_ENABLE_MODULES = YES;
				CLANG_ENABLE_OBJC_ARC = YES;
				CLANG_WARN_BOOL_CONVERSION = YES;
				CLANG_WARN_CONSTANT_CONVERSION = YES;
				CLANG_WARN_DIRECT_OBJC_ISA_USAGE = YES_ERROR;
				CLANG_WARN_EMPTY_BODY = YES;
				CLANG_WARN_ENUM_CONVERSION = YES;
				CLANG_WARN_INT_CONVERSION = YES;
				CLANG_WARN_OBJC_ROOT_CLASS = YES_ERROR;
				CLANG_WARN_UNREACHABLE_CODE = YES;
				CLANG_WARN__DUPLICATE_METHOD_MATCH = YES;
				"CODE_SIGN_IDENTITY[sdk=iphoneos*]" = "iPhone Developer";
				COPY_PHASE_STRIP = YES;
				ENABLE_NS_ASSERTIONS = NO;
				ENABLE_STRICT_OBJC_MSGSEND = YES;
				GCC_C_LANGUAGE_STANDARD = gnu99;
				GCC_WARN_64_TO_32_BIT_CONVERSION = YES;
				GCC_WARN_ABOUT_RETURN_TYPE = YES_ERROR;
				GCC_WARN_UNDECLARED_SELECTOR = YES;
				GCC_WARN_UNINITIALIZED_AUTOS = YES_AGGRESSIVE;
				GCC_WARN_UNUSED_FUNCTION = YES;
				GCC_WARN_UNUSED_VARIABLE = YES;
				IPHONEOS_DEPLOYMENT_TARGET = 8.1;
				MTL_ENABLE_DEBUG_INFO = NO;
				SDKROOT = iphoneos;
				VALIDATE_PRODUCT = YES;
			};
			name = Release;
		};
		17D0D9191A941E9D00D52995 /* Debug */ = {
			isa = XCBuildConfiguration;
			buildSettings = {
				ASSETCATALOG_COMPILER_APPICON_NAME = AppIcon;
				CODE_SIGN_IDENTITY = "iPhone Developer";
				INFOPLIST_FILE = Stormy/Info.plist;
				LD_RUNPATH_SEARCH_PATHS = "$(inherited) @executable_path/Frameworks";
				PRODUCT_NAME = "$(TARGET_NAME)";
			};
			name = Debug;
		};
		17D0D91A1A941E9D00D52995 /* Release */ = {
			isa = XCBuildConfiguration;
			buildSettings = {
				ASSETCATALOG_COMPILER_APPICON_NAME = AppIcon;
				CODE_SIGN_IDENTITY = "iPhone Developer";
				INFOPLIST_FILE = Stormy/Info.plist;
				LD_RUNPATH_SEARCH_PATHS = "$(inherited) @executable_path/Frameworks";
				PRODUCT_NAME = "$(TARGET_NAME)";
			};
			name = Release;
		};
		17D0D91C1A941E9D00D52995 /* Debug */ = {
			isa = XCBuildConfiguration;
			buildSettings = {
				BUNDLE_LOADER = "$(TEST_HOST)";
				FRAMEWORK_SEARCH_PATHS = (
					"$(SDKROOT)/Developer/Library/Frameworks",
					"$(inherited)",
				);
				GCC_PREPROCESSOR_DEFINITIONS = (
					"DEBUG=1",
					"$(inherited)",
				);
				INFOPLIST_FILE = StormyTests/Info.plist;
				LD_RUNPATH_SEARCH_PATHS = "$(inherited) @executable_path/Frameworks @loader_path/Frameworks";
				PRODUCT_NAME = "$(TARGET_NAME)";
				TEST_HOST = "$(BUILT_PRODUCTS_DIR)/Stormy.app/Stormy";
			};
			name = Debug;
		};
		17D0D91D1A941E9D00D52995 /* Release */ = {
			isa = XCBuildConfiguration;
			buildSettings = {
				BUNDLE_LOADER = "$(TEST_HOST)";
				FRAMEWORK_SEARCH_PATHS = (
					"$(SDKROOT)/Developer/Library/Frameworks",
					"$(inherited)",
				);
				INFOPLIST_FILE = StormyTests/Info.plist;
				LD_RUNPATH_SEARCH_PATHS = "$(inherited) @executable_path/Frameworks @loader_path/Frameworks";
				PRODUCT_NAME = "$(TARGET_NAME)";
				TEST_HOST = "$(BUILT_PRODUCTS_DIR)/Stormy.app/Stormy";
			};
			name = Release;
		};
/* End XCBuildConfiguration section */

/* Begin XCConfigurationList section */
		17D0D8F41A941E9D00D52995 /* Build configuration list for PBXProject "Stormy" */ = {
			isa = XCConfigurationList;
			buildConfigurations = (
				17D0D9161A941E9D00D52995 /* Debug */,
				17D0D9171A941E9D00D52995 /* Release */,
			);
			defaultConfigurationIsVisible = 0;
			defaultConfigurationName = Release;
		};
		17D0D9181A941E9D00D52995 /* Build configuration list for PBXNativeTarget "Stormy" */ = {
			isa = XCConfigurationList;
			buildConfigurations = (
				17D0D9191A941E9D00D52995 /* Debug */,
				17D0D91A1A941E9D00D52995 /* Release */,
			);
			defaultConfigurationIsVisible = 0;
			defaultConfigurationName = Release;
		};
		17D0D91B1A941E9D00D52995 /* Build configuration list for PBXNativeTarget "StormyTests" */ = {
			isa = XCConfigurationList;
			buildConfigurations = (
				17D0D91C1A941E9D00D52995 /* Debug */,
				17D0D91D1A941E9D00D52995 /* Release */,
			);
			defaultConfigurationIsVisible = 0;
			defaultConfigurationName = Release;
		};
/* End XCConfigurationList section */
	};
	rootObject = 17D0D8F11A941E9D00D52995 /* Project object */;
}
